
Microsoft Visual Studio Solution File, Format Version 12.00
# Visual Studio Version 17
VisualStudioVersion = 17.7.34221.43
MinimumVisualStudioVersion = 10.0.40219.1
Project("{8BC9CEB8-8B4A-11D0-8D11-00A0C91BC942}") = "lab3", "lab3.vcxproj", "{7D64DDA0-F2C3-47C6-86A1-3A23D4377BB3}"
EndProject
Global
	GlobalSection(SolutionConfigurationPlatforms) = preSolution
		Debug|x64 = Debug|x64
		Debug|x86 = Debug|x86
		Release|x64 = Release|x64
		Release|x86 = Release|x86
	EndGlobalSection
	GlobalSection(ProjectConfigurationPlatforms) = postSolution
		{7D64DDA0-F2C3-47C6-86A1-3A23D4377BB3}.Debug|x64.ActiveCfg = Debug|x64
		{7D64DDA0-F2C3-47C6-86A1-3A23D4377BB3}.Debug|x64.Build.0 = Debug|x64
		{7D64DDA0-F2C3-47C6-86A1-3A23D4377BB3}.Debug|x86.ActiveCfg = Debug|Win32
		{7D64DDA0-F2C3-47C6-86A1-3A23D4377BB3}.Debug|x86.Build.0 = Debug|Win32
		{7D64DDA0-F2C3-47C6-86A1-3A23D4377BB3}.Release|x64.ActiveCfg = Release|x64
		{7D64DDA0-F2C3-47C6-86A1-3A23D4377BB3}.Release|x64.Build.0 = Release|x64
		{7D64DDA0-F2C3-47C6-86A1-3A23D4377BB3}.Release|x86.ActiveCfg = Release|Win32
		{7D64DDA0-F2C3-47C6-86A1-3A23D4377BB3}.Release|x86.Build.0 = Release|Win32
	EndGlobalSection
	GlobalSection(SolutionProperties) = preSolution
		HideSolutionNode = FALSE
	EndGlobalSection
	GlobalSection(ExtensibilityGlobals) = postSolution
		SolutionGuid = {2363F48F-AFEA-4FD4-AE50-9379AFAC05BC}
	EndGlobalSection
EndGlobal
